
Microsoft Visual Studio Solution File, Format Version 12.00
# Visual Studio Version 17
VisualStudioVersion = 17.3.32825.248
MinimumVisualStudioVersion = 10.0.40219.1
Project("{FAE04EC0-301F-11D3-BF4B-00C04F79EFBC}") = "SqlCommandFromExcel", "SqlCommandFromExcel\SqlCommandFromExcel.csproj", "{E24872F0-5056-4F3D-A920-4B251CAEC515}"
EndProject
Global
	GlobalSection(SolutionConfigurationPlatforms) = preSolution
		Debug|Any CPU = Debug|Any CPU
		Release|Any CPU = Release|Any CPU
	EndGlobalSection
	GlobalSection(ProjectConfigurationPlatforms) = postSolution
		{E24872F0-5056-4F3D-A920-4B251CAEC515}.Debug|Any CPU.ActiveCfg = Debug|Any CPU
		{E24872F0-5056-4F3D-A920-4B251CAEC515}.Debug|Any CPU.Build.0 = Debug|Any CPU
		{E24872F0-5056-4F3D-A920-4B251CAEC515}.Release|Any CPU.ActiveCfg = Release|Any CPU
		{E24872F0-5056-4F3D-A920-4B251CAEC515}.Release|Any CPU.Build.0 = Release|Any CPU
	EndGlobalSection
	GlobalSection(SolutionProperties) = preSolution
		HideSolutionNode = FALSE
	EndGlobalSection
	GlobalSection(ExtensibilityGlobals) = postSolution
		SolutionGuid = {07A3F088-521D-455A-B7C0-B65868A02AFF}
	EndGlobalSection
EndGlobal
